
Microsoft Visual Studio Solution File, Format Version 12.00
# Visual Studio Version 16
VisualStudioVersion = 16.0.31112.23
MinimumVisualStudioVersion = 10.0.40219.1
Project("{FAE04EC0-301F-11D3-BF4B-00C04F79EFBC}") = "WinWrapper.User32", "src\WinWrapper.User32\WinWrapper.User32.csproj", "{18B6D231-5E1D-480F-A333-C07B12882930}"
EndProject
Project("{2150E333-8FDC-42A3-9474-1A3956D46DE8}") = "src", "src", "{835C0B73-8C84-48CE-A496-2EE1B6E0D845}"
EndProject
Global
	GlobalSection(SolutionConfigurationPlatforms) = preSolution
		Debug|Any CPU = Debug|Any CPU
		Release|Any CPU = Release|Any CPU
	EndGlobalSection
	GlobalSection(ProjectConfigurationPlatforms) = postSolution
		{18B6D231-5E1D-480F-A333-C07B12882930}.Debug|Any CPU.ActiveCfg = Debug|Any CPU
		{18B6D231-5E1D-480F-A333-C07B12882930}.Debug|Any CPU.Build.0 = Debug|Any CPU
		{18B6D231-5E1D-480F-A333-C07B12882930}.Release|Any CPU.ActiveCfg = Release|Any CPU
		{18B6D231-5E1D-480F-A333-C07B12882930}.Release|Any CPU.Build.0 = Release|Any CPU
	EndGlobalSection
	GlobalSection(SolutionProperties) = preSolution
		HideSolutionNode = FALSE
	EndGlobalSection
	GlobalSection(NestedProjects) = preSolution
		{18B6D231-5E1D-480F-A333-C07B12882930} = {835C0B73-8C84-48CE-A496-2EE1B6E0D845}
	EndGlobalSection
	GlobalSection(ExtensibilityGlobals) = postSolution
		SolutionGuid = {572F0B6D-E6A6-4799-9C8F-08B82E2389CF}
	EndGlobalSection
EndGlobal
